<?xml version="1.0" encoding="utf-8"?>
<Project ToolsVersion="17.0" xmlns="http://schemas.microsoft.com/developer/msbuild/2003">
  <ItemGroup>
    <CustomBuild Include="C:\Users\kuroz\Cowork\Notes\dev\nelisp-ime\platform\common\build-cmake\CMakeFiles\a36209076f746b1feaa5644655ee98b8\generate.stamp.rule">
      <Filter>CMake Rules</Filter>
    </CustomBuild>
  </ItemGroup>
  <ItemGroup>
    <Filter Include="CMake Rules">
      <UniqueIdentifier>{22E0D99D-EB4C-31CA-857B-96B1FACE9BB0}</UniqueIdentifier>
    </Filter>
  </ItemGroup>
</Project>
